
Microsoft Visual Studio Solution File, Format Version 12.00
# Visual Studio 15
Project("{FAE04EC0-301F-11D3-BF4B-00C04F79EFBC}") = "CameraController", "CameraController.csproj", "{D55688EC-71E2-BF00-E744-F22A0E88351D}"
EndProject
Project("{FAE04EC0-301F-11D3-BF4B-00C04F79EFBC}") = "Tests", "Tests.csproj", "{29FB4228-0146-1A38-C93D-1AC9E4DE0633}"
EndProject
Global
	GlobalSection(SolutionConfigurationPlatforms) = preSolution
		Debug|Any CPU = Debug|Any CPU
		Release|Any CPU = Release|Any CPU
	EndGlobalSection
	GlobalSection(ProjectConfigurationPlatforms) = postSolution
		{D55688EC-71E2-BF00-E744-F22A0E88351D}.Debug|Any CPU.ActiveCfg = Debug|Any CPU
		{D55688EC-71E2-BF00-E744-F22A0E88351D}.Debug|Any CPU.Build.0 = Debug|Any CPU
		{D55688EC-71E2-BF00-E744-F22A0E88351D}.Release|Any CPU.ActiveCfg = Release|Any CPU
		{D55688EC-71E2-BF00-E744-F22A0E88351D}.Release|Any CPU.Build.0 = Release|Any CPU
		{29FB4228-0146-1A38-C93D-1AC9E4DE0633}.Debug|Any CPU.ActiveCfg = Debug|Any CPU
		{29FB4228-0146-1A38-C93D-1AC9E4DE0633}.Debug|Any CPU.Build.0 = Debug|Any CPU
		{29FB4228-0146-1A38-C93D-1AC9E4DE0633}.Release|Any CPU.ActiveCfg = Release|Any CPU
		{29FB4228-0146-1A38-C93D-1AC9E4DE0633}.Release|Any CPU.Build.0 = Release|Any CPU
	EndGlobalSection
	GlobalSection(SolutionProperties) = preSolution
		HideSolutionNode = FALSE
	EndGlobalSection
EndGlobal
